
Microsoft Visual Studio Solution File, Format Version 12.00
# Visual Studio 15
VisualStudioVersion = 15.0.28307.271
MinimumVisualStudioVersion = 10.0.40219.1
Project("{9A19103F-16F7-4668-BE54-9A1E7A4F7556}") = "BS.Domain", "BS.Domain\BS.Domain.csproj", "{725577E7-EB44-497E-A16D-8B4FADF7D341}"
EndProject
Project("{9A19103F-16F7-4668-BE54-9A1E7A4F7556}") = "BS.DTO", "BS.DTO\BS.DTO.csproj", "{2551B249-488F-498C-9C3F-7F97105B94C1}"
EndProject
Project("{9A19103F-16F7-4668-BE54-9A1E7A4F7556}") = "BS.API", "BS.API\BS.API.csproj", "{14DCD319-4EC9-4AE7-8ECA-5800D998842A}"
EndProject
Project("{9092AA53-FB77-4645-B42D-1CCCA6BD08BD}") = "BS.Vue", "BS.Vue\BS.Vue.njsproj", "{52D98374-2BC9-48F6-A693-C06710E07092}"
EndProject
Project("{FAE04EC0-301F-11D3-BF4B-00C04F79EFBC}") = "BS.Data.Entity", "BS.Data.Entity\BS.Data.Entity.csproj", "{AED5EE5D-3B45-4290-A910-AAFEA8C4DE84}"
EndProject
Global
	GlobalSection(SolutionConfigurationPlatforms) = preSolution
		Debug|Any CPU = Debug|Any CPU
		Release|Any CPU = Release|Any CPU
	EndGlobalSection
	GlobalSection(ProjectConfigurationPlatforms) = postSolution
		{725577E7-EB44-497E-A16D-8B4FADF7D341}.Debug|Any CPU.ActiveCfg = Debug|Any CPU
		{725577E7-EB44-497E-A16D-8B4FADF7D341}.Debug|Any CPU.Build.0 = Debug|Any CPU
		{725577E7-EB44-497E-A16D-8B4FADF7D341}.Release|Any CPU.ActiveCfg = Release|Any CPU
		{725577E7-EB44-497E-A16D-8B4FADF7D341}.Release|Any CPU.Build.0 = Release|Any CPU
		{2551B249-488F-498C-9C3F-7F97105B94C1}.Debug|Any CPU.ActiveCfg = Debug|Any CPU
		{2551B249-488F-498C-9C3F-7F97105B94C1}.Debug|Any CPU.Build.0 = Debug|Any CPU
		{2551B249-488F-498C-9C3F-7F97105B94C1}.Release|Any CPU.ActiveCfg = Release|Any CPU
		{2551B249-488F-498C-9C3F-7F97105B94C1}.Release|Any CPU.Build.0 = Release|Any CPU
		{14DCD319-4EC9-4AE7-8ECA-5800D998842A}.Debug|Any CPU.ActiveCfg = Debug|Any CPU
		{14DCD319-4EC9-4AE7-8ECA-5800D998842A}.Debug|Any CPU.Build.0 = Debug|Any CPU
		{14DCD319-4EC9-4AE7-8ECA-5800D998842A}.Release|Any CPU.ActiveCfg = Release|Any CPU
		{14DCD319-4EC9-4AE7-8ECA-5800D998842A}.Release|Any CPU.Build.0 = Release|Any CPU
		{52D98374-2BC9-48F6-A693-C06710E07092}.Debug|Any CPU.ActiveCfg = Debug|Any CPU
		{52D98374-2BC9-48F6-A693-C06710E07092}.Debug|Any CPU.Build.0 = Debug|Any CPU
		{52D98374-2BC9-48F6-A693-C06710E07092}.Release|Any CPU.ActiveCfg = Release|Any CPU
		{52D98374-2BC9-48F6-A693-C06710E07092}.Release|Any CPU.Build.0 = Release|Any CPU
		{AED5EE5D-3B45-4290-A910-AAFEA8C4DE84}.Debug|Any CPU.ActiveCfg = Debug|Any CPU
		{AED5EE5D-3B45-4290-A910-AAFEA8C4DE84}.Debug|Any CPU.Build.0 = Debug|Any CPU
		{AED5EE5D-3B45-4290-A910-AAFEA8C4DE84}.Release|Any CPU.ActiveCfg = Release|Any CPU
		{AED5EE5D-3B45-4290-A910-AAFEA8C4DE84}.Release|Any CPU.Build.0 = Release|Any CPU
	EndGlobalSection
	GlobalSection(SolutionProperties) = preSolution
		HideSolutionNode = FALSE
	EndGlobalSection
	GlobalSection(ExtensibilityGlobals) = postSolution
		SolutionGuid = {8387CDCD-FC28-4B3E-93D9-47815F41C8C3}
	EndGlobalSection
EndGlobal
